// !$*UTF8*$!
{
	archiveVersion = 1;
	classes = {
	};
	objectVersion = 46;
	objects = {

/* Begin PBXBuildFile section */
		530340C91B139F2300950675 /* Room1Scene.swift in Sources */ = {isa = PBXBuildFile; fileRef = 530340C81B139F2300950675 /* Room1Scene.swift */; };
		530340CC1B13BA3000950675 /* Room1Scene.sks in Resources */ = {isa = PBXBuildFile; fileRef = 530340CA1B139F7400950675 /* Room1Scene.sks */; };
		530CB266196067CF00DA905F /* Player.swift in Sources */ = {isa = PBXBuildFile; fileRef = 530CB265196067CF00DA905F /* Player.swift */; };
		5326113A19BC22F700E0ADC1 /* Enemy.swift in Sources */ = {isa = PBXBuildFile; fileRef = 5326113919BC22F700E0ADC1 /* Enemy.swift */; };
		53510F8C1A5A1844004FD586 /* Player.atlas in Resources */ = {isa = PBXBuildFile; fileRef = 53510F8B1A5A1844004FD586 /* Player.atlas */; };
		53510F8E1A5A18E0004FD586 /* Meeblon.atlas in Resources */ = {isa = PBXBuildFile; fileRef = 53510F8D1A5A18E0004FD586 /* Meeblon.atlas */; };
		53510F901A5A1933004FD586 /* Skelaton.atlas in Resources */ = {isa = PBXBuildFile; fileRef = 53510F8F1A5A1933004FD586 /* Skelaton.atlas */; };
		53510F921A5A1AA6004FD586 /* Meeblon.swift in Sources */ = {isa = PBXBuildFile; fileRef = 53510F911A5A1AA6004FD586 /* Meeblon.swift */; };
		53510F941A5AEA62004FD586 /* IceCircle.swift in Sources */ = {isa = PBXBuildFile; fileRef = 53510F931A5AEA62004FD586 /* IceCircle.swift */; };
		53510F9A1A5AF594004FD586 /* IceCircle.atlas in Resources */ = {isa = PBXBuildFile; fileRef = 53510F991A5AF594004FD586 /* IceCircle.atlas */; };
		5356187919525C17000F2086 /* AppDelegate.swift in Sources */ = {isa = PBXBuildFile; fileRef = 5356187819525C17000F2086 /* AppDelegate.swift */; };
		5356187B19525C17000F2086 /* GameScene.sks in Resources */ = {isa = PBXBuildFile; fileRef = 5356187A19525C17000F2086 /* GameScene.sks */; };
		5356187D19525C17000F2086 /* GameScene.swift in Sources */ = {isa = PBXBuildFile; fileRef = 5356187C19525C17000F2086 /* GameScene.swift */; };
		5356187F19525C17000F2086 /* GameViewController.swift in Sources */ = {isa = PBXBuildFile; fileRef = 5356187E19525C17000F2086 /* GameViewController.swift */; };
		5356188219525C17000F2086 /* Main.storyboard in Resources */ = {isa = PBXBuildFile; fileRef = 5356188019525C17000F2086 /* Main.storyboard */; };
		5356188419525C17000F2086 /* Images.xcassets in Resources */ = {isa = PBXBuildFile; fileRef = 5356188319525C17000F2086 /* Images.xcassets */; };
		5356189019525C17000F2086 /* IronStrifeTests.swift in Sources */ = {isa = PBXBuildFile; fileRef = 5356188F19525C17000F2086 /* IronStrifeTests.swift */; };
		535FF5B41A96C428007D4C80 /* GoreblonAttack1.wav in Resources */ = {isa = PBXBuildFile; fileRef = 535FF5B01A96C428007D4C80 /* GoreblonAttack1.wav */; };
		535FF5B51A96C428007D4C80 /* GoreblonAttack2.wav in Resources */ = {isa = PBXBuildFile; fileRef = 535FF5B11A96C428007D4C80 /* GoreblonAttack2.wav */; };
		535FF5B61A96C428007D4C80 /* GoreblonAttack3.wav in Resources */ = {isa = PBXBuildFile; fileRef = 535FF5B21A96C428007D4C80 /* GoreblonAttack3.wav */; };
		535FF5B71A96C428007D4C80 /* GoreblonDeath.wav in Resources */ = {isa = PBXBuildFile; fileRef = 535FF5B31A96C428007D4C80 /* GoreblonDeath.wav */; };
		535FF5B91A96DD78007D4C80 /* FireExplosion.atlas in Resources */ = {isa = PBXBuildFile; fileRef = 535FF5B81A96DD78007D4C80 /* FireExplosion.atlas */; };
		535FF5BB1A96E089007D4C80 /* Explosion.swift in Sources */ = {isa = PBXBuildFile; fileRef = 535FF5BA1A96E089007D4C80 /* Explosion.swift */; };
		535FF5BE1A96EF59007D4C80 /* Explosion.wav in Resources */ = {isa = PBXBuildFile; fileRef = 535FF5BD1A96EF59007D4C80 /* Explosion.wav */; };
		535FF5C01A96F127007D4C80 /* IceCircle.wav in Resources */ = {isa = PBXBuildFile; fileRef = 535FF5BF1A96F127007D4C80 /* IceCircle.wav */; };
		535FF5C21A9770D5007D4C80 /* AoESpell.swift in Sources */ = {isa = PBXBuildFile; fileRef = 535FF5C11A9770D5007D4C80 /* AoESpell.swift */; };
		536439711954C523003AD77E /* MathFunctions.swift in Sources */ = {isa = PBXBuildFile; fileRef = 536439701954C523003AD77E /* MathFunctions.swift */; };
		5368C7461B055A690078B3FF /* PlayerOverviewManager.swift in Sources */ = {isa = PBXBuildFile; fileRef = 5368C7451B055A690078B3FF /* PlayerOverviewManager.swift */; };
		536F8A5D195FDB0F00EFBDE5 /* TownScene.swift in Sources */ = {isa = PBXBuildFile; fileRef = 536F8A5C195FDB0F00EFBDE5 /* TownScene.swift */; };
		536F8A5F195FDD9300EFBDE5 /* TownScene.sks in Resources */ = {isa = PBXBuildFile; fileRef = 536F8A5E195FDD9300EFBDE5 /* TownScene.sks */; };
		537CC1951A4FA26A0072F6A4 /* Textures.swift in Sources */ = {isa = PBXBuildFile; fileRef = 537CC1941A4FA26A0072F6A4 /* Textures.swift */; };
		539114BF1AE3F2BA00C8E00F /* ChaseBehavior.swift in Sources */ = {isa = PBXBuildFile; fileRef = 539114BE1AE3F2BA00C8E00F /* ChaseBehavior.swift */; };
		539114C11AE3F5B200C8E00F /* WanderBehavior.swift in Sources */ = {isa = PBXBuildFile; fileRef = 539114C01AE3F5B200C8E00F /* WanderBehavior.swift */; };
		539114C31AE4267A00C8E00F /* AttackBehavior.swift in Sources */ = {isa = PBXBuildFile; fileRef = 539114C21AE4267A00C8E00F /* AttackBehavior.swift */; };
		5398B0261A96AF6A0012F7AA /* PlayerAttack10.wav in Resources */ = {isa = PBXBuildFile; fileRef = 5398B0251A96AF6A0012F7AA /* PlayerAttack10.wav */; };
		5398B0301A96AF9E0012F7AA /* PlayerAttack1.wav in Resources */ = {isa = PBXBuildFile; fileRef = 5398B0271A96AF9E0012F7AA /* PlayerAttack1.wav */; };
		5398B0311A96AF9E0012F7AA /* PlayerAttack2.wav in Resources */ = {isa = PBXBuildFile; fileRef = 5398B0281A96AF9E0012F7AA /* PlayerAttack2.wav */; };
		5398B0321A96AF9E0012F7AA /* PlayerAttack3.wav in Resources */ = {isa = PBXBuildFile; fileRef = 5398B0291A96AF9E0012F7AA /* PlayerAttack3.wav */; };
		5398B0331A96AF9E0012F7AA /* PlayerAttack4.wav in Resources */ = {isa = PBXBuildFile; fileRef = 5398B02A1A96AF9E0012F7AA /* PlayerAttack4.wav */; };
		5398B0341A96AF9E0012F7AA /* PlayerAttack5.wav in Resources */ = {isa = PBXBuildFile; fileRef = 5398B02B1A96AF9E0012F7AA /* PlayerAttack5.wav */; };
		5398B0351A96AF9E0012F7AA /* PlayerAttack6.wav in Resources */ = {isa = PBXBuildFile; fileRef = 5398B02C1A96AF9E0012F7AA /* PlayerAttack6.wav */; };
		5398B0361A96AF9E0012F7AA /* PlayerAttack7.wav in Resources */ = {isa = PBXBuildFile; fileRef = 5398B02D1A96AF9E0012F7AA /* PlayerAttack7.wav */; };
		5398B0371A96AF9E0012F7AA /* PlayerAttack8.wav in Resources */ = {isa = PBXBuildFile; fileRef = 5398B02E1A96AF9E0012F7AA /* PlayerAttack8.wav */; };
		5398B0381A96AF9E0012F7AA /* PlayerAttack9.wav in Resources */ = {isa = PBXBuildFile; fileRef = 5398B02F1A96AF9E0012F7AA /* PlayerAttack9.wav */; };
		53AF40691A51D0F00036A274 /* Projectile.swift in Sources */ = {isa = PBXBuildFile; fileRef = 53AF40681A51D0F00036A274 /* Projectile.swift */; };
		53AF406B1A522C390036A274 /* Goreblon.atlas in Resources */ = {isa = PBXBuildFile; fileRef = 53AF406A1A522C390036A274 /* Goreblon.atlas */; };
		53BA78261A66FE5C008BCDF7 /* Cure.swift in Sources */ = {isa = PBXBuildFile; fileRef = 53BA78251A66FE5C008BCDF7 /* Cure.swift */; };
		53BF3F4A1953E2F900E026D2 /* Fireball.swift in Sources */ = {isa = PBXBuildFile; fileRef = 53BF3F491953E2F900E026D2 /* Fireball.swift */; };
		53CC03621A4E6635000CB921 /* Character.swift in Sources */ = {isa = PBXBuildFile; fileRef = 53CC03611A4E6635000CB921 /* Character.swift */; };
		53CC03641A4E9270000CB921 /* Goreblon.swift in Sources */ = {isa = PBXBuildFile; fileRef = 53CC03631A4E9270000CB921 /* Goreblon.swift */; };
		53E7583A1A5B55A60046F1BB /* Cure.atlas in Resources */ = {isa = PBXBuildFile; fileRef = 53E758391A5B55A60046F1BB /* Cure.atlas */; };
		53F3831F1AD0A5C500BE489E /* AIBehavior.swift in Sources */ = {isa = PBXBuildFile; fileRef = 53F3831E1AD0A5C500BE489E /* AIBehavior.swift */; };
/* End PBXBuildFile section */

/* Begin PBXContainerItemProxy section */
		5356188A19525C17000F2086 /* PBXContainerItemProxy */ = {
			isa = PBXContainerItemProxy;
			containerPortal = 5356186B19525C16000F2086 /* Project object */;
			proxyType = 1;
			remoteGlobalIDString = 5356187219525C16000F2086;
			remoteInfo = IronStrife;
		};
/* End PBXContainerItemProxy section */

/* Begin PBXFileReference section */
		530340C81B139F2300950675 /* Room1Scene.swift */ = {isa = PBXFileReference; fileEncoding = 4; lastKnownFileType = sourcecode.swift; path = Room1Scene.swift; sourceTree = "<group>"; };
		530340CA1B139F7400950675 /* Room1Scene.sks */ = {isa = PBXFileReference; lastKnownFileType = file.sks; path = Room1Scene.sks; sourceTree = "<group>"; };
		530CB265196067CF00DA905F /* Player.swift */ = {isa = PBXFileReference; fileEncoding = 4; lastKnownFileType = sourcecode.swift; path = Player.swift; sourceTree = "<group>"; };
		5326113919BC22F700E0ADC1 /* Enemy.swift */ = {isa = PBXFileReference; fileEncoding = 4; lastKnownFileType = sourcecode.swift; path = Enemy.swift; sourceTree = "<group>"; };
		53510F8B1A5A1844004FD586 /* Player.atlas */ = {isa = PBXFileReference; lastKnownFileType = folder.skatlas; path = Player.atlas; sourceTree = "<group>"; };
		53510F8D1A5A18E0004FD586 /* Meeblon.atlas */ = {isa = PBXFileReference; lastKnownFileType = folder.skatlas; path = Meeblon.atlas; sourceTree = "<group>"; };
		53510F8F1A5A1933004FD586 /* Skelaton.atlas */ = {isa = PBXFileReference; lastKnownFileType = folder.skatlas; path = Skelaton.atlas; sourceTree = "<group>"; };
		53510F911A5A1AA6004FD586 /* Meeblon.swift */ = {isa = PBXFileReference; fileEncoding = 4; lastKnownFileType = sourcecode.swift; path = Meeblon.swift; sourceTree = "<group>"; };
		53510F931A5AEA62004FD586 /* IceCircle.swift */ = {isa = PBXFileReference; fileEncoding = 4; lastKnownFileType = sourcecode.swift; path = IceCircle.swift; sourceTree = "<group>"; };
		53510F991A5AF594004FD586 /* IceCircle.atlas */ = {isa = PBXFileReference; lastKnownFileType = folder.skatlas; path = IceCircle.atlas; sourceTree = "<group>"; };
		5356187319525C16000F2086 /* IronStrife.app */ = {isa = PBXFileReference; explicitFileType = wrapper.application; includeInIndex = 0; path = IronStrife.app; sourceTree = BUILT_PRODUCTS_DIR; };
		5356187719525C17000F2086 /* Info.plist */ = {isa = PBXFileReference; lastKnownFileType = text.plist.xml; path = Info.plist; sourceTree = "<group>"; };
		5356187819525C17000F2086 /* AppDelegate.swift */ = {isa = PBXFileReference; lastKnownFileType = sourcecode.swift; path = AppDelegate.swift; sourceTree = "<group>"; };
		5356187A19525C17000F2086 /* GameScene.sks */ = {isa = PBXFileReference; lastKnownFileType = file.sks; path = GameScene.sks; sourceTree = "<group>"; };
		5356187C19525C17000F2086 /* GameScene.swift */ = {isa = PBXFileReference; lastKnownFileType = sourcecode.swift; path = GameScene.swift; sourceTree = "<group>"; };
		5356187E19525C17000F2086 /* GameViewController.swift */ = {isa = PBXFileReference; lastKnownFileType = sourcecode.swift; path = GameViewController.swift; sourceTree = "<group>"; };
		5356188119525C17000F2086 /* Base */ = {isa = PBXFileReference; lastKnownFileType = file.storyboard; name = Base; path = Base.lproj/Main.storyboard; sourceTree = "<group>"; };
		5356188319525C17000F2086 /* Images.xcassets */ = {isa = PBXFileReference; lastKnownFileType = folder.assetcatalog; path = Images.xcassets; sourceTree = "<group>"; };
		5356188919525C17000F2086 /* IronStrifeTests.xctest */ = {isa = PBXFileReference; explicitFileType = wrapper.cfbundle; includeInIndex = 0; path = IronStrifeTests.xctest; sourceTree = BUILT_PRODUCTS_DIR; };
		5356188E19525C17000F2086 /* Info.plist */ = {isa = PBXFileReference; lastKnownFileType = text.plist.xml; path = Info.plist; sourceTree = "<group>"; };
		5356188F19525C17000F2086 /* IronStrifeTests.swift */ = {isa = PBXFileReference; lastKnownFileType = sourcecode.swift; path = IronStrifeTests.swift; sourceTree = "<group>"; };
		535FF5B01A96C428007D4C80 /* GoreblonAttack1.wav */ = {isa = PBXFileReference; lastKnownFileType = audio.wav; name = GoreblonAttack1.wav; path = "Goreblon Sounds/GoreblonAttack1.wav"; sourceTree = "<group>"; };
		535FF5B11A96C428007D4C80 /* GoreblonAttack2.wav */ = {isa = PBXFileReference; lastKnownFileType = audio.wav; name = GoreblonAttack2.wav; path = "Goreblon Sounds/GoreblonAttack2.wav"; sourceTree = "<group>"; };
		535FF5B21A96C428007D4C80 /* GoreblonAttack3.wav */ = {isa = PBXFileReference; lastKnownFileType = audio.wav; name = GoreblonAttack3.wav; path = "Goreblon Sounds/GoreblonAttack3.wav"; sourceTree = "<group>"; };
		535FF5B31A96C428007D4C80 /* GoreblonDeath.wav */ = {isa = PBXFileReference; lastKnownFileType = audio.wav; name = GoreblonDeath.wav; path = "Goreblon Sounds/GoreblonDeath.wav"; sourceTree = "<group>"; };
		535FF5B81A96DD78007D4C80 /* FireExplosion.atlas */ = {isa = PBXFileReference; lastKnownFileType = folder.skatlas; path = FireExplosion.atlas; sourceTree = "<group>"; };
		535FF5BA1A96E089007D4C80 /* Explosion.swift */ = {isa = PBXFileReference; fileEncoding = 4; lastKnownFileType = sourcecode.swift; path = Explosion.swift; sourceTree = "<group>"; };
		535FF5BD1A96EF59007D4C80 /* Explosion.wav */ = {isa = PBXFileReference; lastKnownFileType = audio.wav; path = Explosion.wav; sourceTree = "<group>"; };
		535FF5BF1A96F127007D4C80 /* IceCircle.wav */ = {isa = PBXFileReference; lastKnownFileType = audio.wav; path = IceCircle.wav; sourceTree = "<group>"; };
		535FF5C11A9770D5007D4C80 /* AoESpell.swift */ = {isa = PBXFileReference; fileEncoding = 4; lastKnownFileType = sourcecode.swift; path = AoESpell.swift; sourceTree = "<group>"; };
		536439701954C523003AD77E /* MathFunctions.swift */ = {isa = PBXFileReference; fileEncoding = 4; lastKnownFileType = sourcecode.swift; path = MathFunctions.swift; sourceTree = "<group>"; };
		5368C7451B055A690078B3FF /* PlayerOverviewManager.swift */ = {isa = PBXFileReference; fileEncoding = 4; lastKnownFileType = sourcecode.swift; path = PlayerOverviewManager.swift; sourceTree = "<group>"; };
		536F8A5C195FDB0F00EFBDE5 /* TownScene.swift */ = {isa = PBXFileReference; fileEncoding = 4; lastKnownFileType = sourcecode.swift; path = TownScene.swift; sourceTree = "<group>"; };
		536F8A5E195FDD9300EFBDE5 /* TownScene.sks */ = {isa = PBXFileReference; lastKnownFileType = file.sks; path = TownScene.sks; sourceTree = "<group>"; };
		537CC1941A4FA26A0072F6A4 /* Textures.swift */ = {isa = PBXFileReference; fileEncoding = 4; lastKnownFileType = sourcecode.swift; path = Textures.swift; sourceTree = "<group>"; };
		539114BE1AE3F2BA00C8E00F /* ChaseBehavior.swift */ = {isa = PBXFileReference; fileEncoding = 4; lastKnownFileType = sourcecode.swift; path = ChaseBehavior.swift; sourceTree = "<group>"; };
		539114C01AE3F5B200C8E00F /* WanderBehavior.swift */ = {isa = PBXFileReference; fileEncoding = 4; lastKnownFileType = sourcecode.swift; path = WanderBehavior.swift; sourceTree = "<group>"; };
		539114C21AE4267A00C8E00F /* AttackBehavior.swift */ = {isa = PBXFileReference; fileEncoding = 4; lastKnownFileType = sourcecode.swift; path = AttackBehavior.swift; sourceTree = "<group>"; };
		5398B0251A96AF6A0012F7AA /* PlayerAttack10.wav */ = {isa = PBXFileReference; lastKnownFileType = audio.wav; path = PlayerAttack10.wav; sourceTree = "<group>"; };
		5398B0271A96AF9E0012F7AA /* PlayerAttack1.wav */ = {isa = PBXFileReference; lastKnownFileType = audio.wav; path = PlayerAttack1.wav; sourceTree = "<group>"; };
		5398B0281A96AF9E0012F7AA /* PlayerAttack2.wav */ = {isa = PBXFileReference; lastKnownFileType = audio.wav; path = PlayerAttack2.wav; sourceTree = "<group>"; };
		5398B0291A96AF9E0012F7AA /* PlayerAttack3.wav */ = {isa = PBXFileReference; lastKnownFileType = audio.wav; path = PlayerAttack3.wav; sourceTree = "<group>"; };
		5398B02A1A96AF9E0012F7AA /* PlayerAttack4.wav */ = {isa = PBXFileReference; lastKnownFileType = audio.wav; path = PlayerAttack4.wav; sourceTree = "<group>"; };
		5398B02B1A96AF9E0012F7AA /* PlayerAttack5.wav */ = {isa = PBXFileReference; lastKnownFileType = audio.wav; path = PlayerAttack5.wav; sourceTree = "<group>"; };
		5398B02C1A96AF9E0012F7AA /* PlayerAttack6.wav */ = {isa = PBXFileReference; lastKnownFileType = audio.wav; path = PlayerAttack6.wav; sourceTree = "<group>"; };
		5398B02D1A96AF9E0012F7AA /* PlayerAttack7.wav */ = {isa = PBXFileReference; lastKnownFileType = audio.wav; path = PlayerAttack7.wav; sourceTree = "<group>"; };
		5398B02E1A96AF9E0012F7AA /* PlayerAttack8.wav */ = {isa = PBXFileReference; lastKnownFileType = audio.wav; path = PlayerAttack8.wav; sourceTree = "<group>"; };
		5398B02F1A96AF9E0012F7AA /* PlayerAttack9.wav */ = {isa = PBXFileReference; lastKnownFileType = audio.wav; path = PlayerAttack9.wav; sourceTree = "<group>"; };
		53AF40681A51D0F00036A274 /* Projectile.swift */ = {isa = PBXFileReference; fileEncoding = 4; lastKnownFileType = sourcecode.swift; path = Projectile.swift; sourceTree = "<group>"; };
		53AF406A1A522C390036A274 /* Goreblon.atlas */ = {isa = PBXFileReference; lastKnownFileType = folder.skatlas; path = Goreblon.atlas; sourceTree = "<group>"; };
		53BA78251A66FE5C008BCDF7 /* Cure.swift */ = {isa = PBXFileReference; fileEncoding = 4; lastKnownFileType = sourcecode.swift; path = Cure.swift; sourceTree = "<group>"; };
		53BF3F491953E2F900E026D2 /* Fireball.swift */ = {isa = PBXFileReference; fileEncoding = 4; lastKnownFileType = sourcecode.swift; path = Fireball.swift; sourceTree = "<group>"; };
		53CC03611A4E6635000CB921 /* Character.swift */ = {isa = PBXFileReference; fileEncoding = 4; lastKnownFileType = sourcecode.swift; path = Character.swift; sourceTree = "<group>"; };
		53CC03631A4E9270000CB921 /* Goreblon.swift */ = {isa = PBXFileReference; fileEncoding = 4; lastKnownFileType = sourcecode.swift; path = Goreblon.swift; sourceTree = "<group>"; };
		53E758391A5B55A60046F1BB /* Cure.atlas */ = {isa = PBXFileReference; lastKnownFileType = folder.skatlas; path = Cure.atlas; sourceTree = "<group>"; };
		53F3831E1AD0A5C500BE489E /* AIBehavior.swift */ = {isa = PBXFileReference; fileEncoding = 4; lastKnownFileType = sourcecode.swift; path = AIBehavior.swift; sourceTree = "<group>"; };
/* End PBXFileReference section */

/* Begin PBXFrameworksBuildPhase section */
		5356187019525C16000F2086 /* Frameworks */ = {
			isa = PBXFrameworksBuildPhase;
			buildActionMask = 2147483647;
			files = (
			);
			runOnlyForDeploymentPostprocessing = 0;
		};
		5356188619525C17000F2086 /* Frameworks */ = {
			isa = PBXFrameworksBuildPhase;
			buildActionMask = 2147483647;
			files = (
			);
			runOnlyForDeploymentPostprocessing = 0;
		};
/* End PBXFrameworksBuildPhase section */

/* Begin PBXGroup section */
		53078FA71A4D8A0C00D2DE43 /* Enemies */ = {
			isa = PBXGroup;
			children = (
				5326113919BC22F700E0ADC1 /* Enemy.swift */,
				53CC03631A4E9270000CB921 /* Goreblon.swift */,
				53510F911A5A1AA6004FD586 /* Meeblon.swift */,
			);
			name = Enemies;
			sourceTree = "<group>";
		};
		5356186A19525C16000F2086 = {
			isa = PBXGroup;
			children = (
				5356187519525C16000F2086 /* IronStrife */,
				5356188C19525C17000F2086 /* IronStrifeTests */,
				5356187419525C16000F2086 /* Products */,
			);
			sourceTree = "<group>";
		};
		5356187419525C16000F2086 /* Products */ = {
			isa = PBXGroup;
			children = (
				5356187319525C16000F2086 /* IronStrife.app */,
				5356188919525C17000F2086 /* IronStrifeTests.xctest */,
			);
			name = Products;
			sourceTree = "<group>";
		};
		5356187519525C16000F2086 /* IronStrife */ = {
			isa = PBXGroup;
			children = (
				53BF3F4B1953E2FE00E026D2 /* Model */,
				5356187819525C17000F2086 /* AppDelegate.swift */,
				5368C7451B055A690078B3FF /* PlayerOverviewManager.swift */,
				536F8A5B195FDA8A00EFBDE5 /* Scenes */,
				5356187E19525C17000F2086 /* GameViewController.swift */,
				5356188019525C17000F2086 /* Main.storyboard */,
				5356188319525C17000F2086 /* Images.xcassets */,
				537F53ED1A4B9DF500DBF855 /* Texture Atlases */,
				5356187619525C16000F2086 /* Supporting Files */,
			);
			path = IronStrife;
			sourceTree = "<group>";
		};
		5356187619525C16000F2086 /* Supporting Files */ = {
			isa = PBXGroup;
			children = (
				5398B0231A96AF500012F7AA /* Audio Sounds */,
				5356187719525C17000F2086 /* Info.plist */,
			);
			name = "Supporting Files";
			sourceTree = "<group>";
		};
		5356188C19525C17000F2086 /* IronStrifeTests */ = {
			isa = PBXGroup;
			children = (
				5356188F19525C17000F2086 /* IronStrifeTests.swift */,
				5356188D19525C17000F2086 /* Supporting Files */,
			);
			path = IronStrifeTests;
			sourceTree = "<group>";
		};
		5356188D19525C17000F2086 /* Supporting Files */ = {
			isa = PBXGroup;
			children = (
				5356188E19525C17000F2086 /* Info.plist */,
			);
			name = "Supporting Files";
			sourceTree = "<group>";
		};
		535FF5AF1A96C3CA007D4C80 /* Goreblon Sounds */ = {
			isa = PBXGroup;
			children = (
				535FF5B01A96C428007D4C80 /* GoreblonAttack1.wav */,
				535FF5B11A96C428007D4C80 /* GoreblonAttack2.wav */,
				535FF5B21A96C428007D4C80 /* GoreblonAttack3.wav */,
				535FF5B31A96C428007D4C80 /* GoreblonDeath.wav */,
			);
			name = "Goreblon Sounds";
			sourceTree = "<group>";
		};
		535FF5BC1A96EF59007D4C80 /* Spell Sounds */ = {
			isa = PBXGroup;
			children = (
				535FF5BF1A96F127007D4C80 /* IceCircle.wav */,
				535FF5BD1A96EF59007D4C80 /* Explosion.wav */,
			);
			path = "Spell Sounds";
			sourceTree = "<group>";
		};
		536F8A5B195FDA8A00EFBDE5 /* Scenes */ = {
			isa = PBXGroup;
			children = (
				536F8A5E195FDD9300EFBDE5 /* TownScene.sks */,
				5356187A19525C17000F2086 /* GameScene.sks */,
				530340CA1B139F7400950675 /* Room1Scene.sks */,
				5356187C19525C17000F2086 /* GameScene.swift */,
				536F8A5C195FDB0F00EFBDE5 /* TownScene.swift */,
				530340C81B139F2300950675 /* Room1Scene.swift */,
			);
			path = Scenes;
			sourceTree = "<group>";
		};
		537F53ED1A4B9DF500DBF855 /* Texture Atlases */ = {
			isa = PBXGroup;
			children = (
				535FF5B81A96DD78007D4C80 /* FireExplosion.atlas */,
				53E758391A5B55A60046F1BB /* Cure.atlas */,
				53510F991A5AF594004FD586 /* IceCircle.atlas */,
				53510F8F1A5A1933004FD586 /* Skelaton.atlas */,
				53510F8D1A5A18E0004FD586 /* Meeblon.atlas */,
				53510F8B1A5A1844004FD586 /* Player.atlas */,
				53AF406A1A522C390036A274 /* Goreblon.atlas */,
			);
			name = "Texture Atlases";
			path = "IronStrife/Texture Atlases";
			sourceTree = SOURCE_ROOT;
		};
		5398B0231A96AF500012F7AA /* Audio Sounds */ = {
			isa = PBXGroup;
			children = (
				535FF5BC1A96EF59007D4C80 /* Spell Sounds */,
				535FF5AF1A96C3CA007D4C80 /* Goreblon Sounds */,
				5398B0241A96AF570012F7AA /* Player Sounds */,
			);
			name = "Audio Sounds";
			path = "IronStrife/Audio Sounds";
			sourceTree = SOURCE_ROOT;
		};
		5398B0241A96AF570012F7AA /* Player Sounds */ = {
			isa = PBXGroup;
			children = (
				5398B0271A96AF9E0012F7AA /* PlayerAttack1.wav */,
				5398B0281A96AF9E0012F7AA /* PlayerAttack2.wav */,
				5398B0291A96AF9E0012F7AA /* PlayerAttack3.wav */,
				5398B02A1A96AF9E0012F7AA /* PlayerAttack4.wav */,
				5398B02B1A96AF9E0012F7AA /* PlayerAttack5.wav */,
				5398B02C1A96AF9E0012F7AA /* PlayerAttack6.wav */,
				5398B02D1A96AF9E0012F7AA /* PlayerAttack7.wav */,
				5398B02E1A96AF9E0012F7AA /* PlayerAttack8.wav */,
				5398B02F1A96AF9E0012F7AA /* PlayerAttack9.wav */,
				5398B0251A96AF6A0012F7AA /* PlayerAttack10.wav */,
			);
			name = "Player Sounds";
			path = "IronStrife/Audio Sounds/Player Sounds";
			sourceTree = SOURCE_ROOT;
		};
		53BF3F4B1953E2FE00E026D2 /* Model */ = {
			isa = PBXGroup;
			children = (
				537CC1941A4FA26A0072F6A4 /* Textures.swift */,
				53F3831D1AD0A42100BE489E /* AI */,
				53BF3F4C1953E30C00E026D2 /* Spells */,
				536439701954C523003AD77E /* MathFunctions.swift */,
				530CB265196067CF00DA905F /* Player.swift */,
				53078FA71A4D8A0C00D2DE43 /* Enemies */,
				53CC03611A4E6635000CB921 /* Character.swift */,
			);
			path = Model;
			sourceTree = "<group>";
		};
		53BF3F4C1953E30C00E026D2 /* Spells */ = {
			isa = PBXGroup;
			children = (
				53BF3F491953E2F900E026D2 /* Fireball.swift */,
				535FF5BA1A96E089007D4C80 /* Explosion.swift */,
				53510F931A5AEA62004FD586 /* IceCircle.swift */,
				535FF5C11A9770D5007D4C80 /* AoESpell.swift */,
				53AF40681A51D0F00036A274 /* Projectile.swift */,
				53BA78251A66FE5C008BCDF7 /* Cure.swift */,
			);
			path = Spells;
			sourceTree = "<group>";
		};
		53F3831D1AD0A42100BE489E /* AI */ = {
			isa = PBXGroup;
			children = (
				53F3831E1AD0A5C500BE489E /* AIBehavior.swift */,
				539114BE1AE3F2BA00C8E00F /* ChaseBehavior.swift */,
				539114C01AE3F5B200C8E00F /* WanderBehavior.swift */,
				539114C21AE4267A00C8E00F /* AttackBehavior.swift */,
			);
			path = AI;
			sourceTree = "<group>";
		};
/* End PBXGroup section */

/* Begin PBXNativeTarget section */
		5356187219525C16000F2086 /* IronStrife */ = {
			isa = PBXNativeTarget;
			buildConfigurationList = 5356189319525C17000F2086 /* Build configuration list for PBXNativeTarget "IronStrife" */;
			buildPhases = (
				5356186F19525C16000F2086 /* Sources */,
				5356187019525C16000F2086 /* Frameworks */,
				5356187119525C16000F2086 /* Resources */,
			);
			buildRules = (
			);
			dependencies = (
			);
			name = IronStrife;
			productName = IronStrife;
			productReference = 5356187319525C16000F2086 /* IronStrife.app */;
			productType = "com.apple.product-type.application";
		};
		5356188819525C17000F2086 /* IronStrifeTests */ = {
			isa = PBXNativeTarget;
			buildConfigurationList = 5356189619525C17000F2086 /* Build configuration list for PBXNativeTarget "IronStrifeTests" */;
			buildPhases = (
				5356188519525C17000F2086 /* Sources */,
				5356188619525C17000F2086 /* Frameworks */,
				5356188719525C17000F2086 /* Resources */,
			);
			buildRules = (
			);
			dependencies = (
				5356188B19525C17000F2086 /* PBXTargetDependency */,
			);
			name = IronStrifeTests;
			productName = IronStrifeTests;
			productReference = 5356188919525C17000F2086 /* IronStrifeTests.xctest */;
			productType = "com.apple.product-type.bundle.unit-test";
		};
/* End PBXNativeTarget section */

/* Begin PBXProject section */
		5356186B19525C16000F2086 /* Project object */ = {
			isa = PBXProject;
			attributes = {
				LastUpgradeCheck = 0600;
				ORGANIZATIONNAME = "Vinai Suresh";
				TargetAttributes = {
					5356187219525C16000F2086 = {
						CreatedOnToolsVersion = 6.0;
						DevelopmentTeam = 935PGDMS7Y;
					};
					5356188819525C17000F2086 = {
						CreatedOnToolsVersion = 6.0;
						TestTargetID = 5356187219525C16000F2086;
					};
				};
			};
			buildConfigurationList = 5356186E19525C16000F2086 /* Build configuration list for PBXProject "IronStrife" */;
			compatibilityVersion = "Xcode 3.2";
			developmentRegion = English;
			hasScannedForEncodings = 0;
			knownRegions = (
				en,
				Base,
			);
			mainGroup = 5356186A19525C16000F2086;
			productRefGroup = 5356187419525C16000F2086 /* Products */;
			projectDirPath = "";
			projectRoot = "";
			targets = (
				5356187219525C16000F2086 /* IronStrife */,
				5356188819525C17000F2086 /* IronStrifeTests */,
			);
		};
/* End PBXProject section */

/* Begin PBXResourcesBuildPhase section */
		5356187119525C16000F2086 /* Resources */ = {
			isa = PBXResourcesBuildPhase;
			buildActionMask = 2147483647;
			files = (
				5356188419525C17000F2086 /* Images.xcassets in Resources */,
				535FF5B41A96C428007D4C80 /* GoreblonAttack1.wav in Resources */,
				5356187B19525C17000F2086 /* GameScene.sks in Resources */,
				535FF5B71A96C428007D4C80 /* GoreblonDeath.wav in Resources */,
				535FF5BE1A96EF59007D4C80 /* Explosion.wav in Resources */,
				535FF5C01A96F127007D4C80 /* IceCircle.wav in Resources */,
				53510F901A5A1933004FD586 /* Skelaton.atlas in Resources */,
				5398B0341A96AF9E0012F7AA /* PlayerAttack5.wav in Resources */,
				536F8A5F195FDD9300EFBDE5 /* TownScene.sks in Resources */,
				53E7583A1A5B55A60046F1BB /* Cure.atlas in Resources */,
				535FF5B51A96C428007D4C80 /* GoreblonAttack2.wav in Resources */,
				5398B0381A96AF9E0012F7AA /* PlayerAttack9.wav in Resources */,
				5356188219525C17000F2086 /* Main.storyboard in Resources */,
				5398B0311A96AF9E0012F7AA /* PlayerAttack2.wav in Resources */,
				5398B0351A96AF9E0012F7AA /* PlayerAttack6.wav in Resources */,
				53510F8C1A5A1844004FD586 /* Player.atlas in Resources */,
				535FF5B91A96DD78007D4C80 /* FireExplosion.atlas in Resources */,
				53AF406B1A522C390036A274 /* Goreblon.atlas in Resources */,
				5398B0361A96AF9E0012F7AA /* PlayerAttack7.wav in Resources */,
				5398B0371A96AF9E0012F7AA /* PlayerAttack8.wav in Resources */,
				5398B0261A96AF6A0012F7AA /* PlayerAttack10.wav in Resources */,
				530340CC1B13BA3000950675 /* Room1Scene.sks in Resources */,
				53510F8E1A5A18E0004FD586 /* Meeblon.atlas in Resources */,
				535FF5B61A96C428007D4C80 /* GoreblonAttack3.wav in Resources */,
				5398B0331A96AF9E0012F7AA /* PlayerAttack4.wav in Resources */,
				5398B0321A96AF9E0012F7AA /* PlayerAttack3.wav in Resources */,
				53510F9A1A5AF594004FD586 /* IceCircle.atlas in Resources */,
				5398B0301A96AF9E0012F7AA /* PlayerAttack1.wav in Resources */,
			);
			runOnlyForDeploymentPostprocessing = 0;
		};
		5356188719525C17000F2086 /* Resources */ = {
			isa = PBXResourcesBuildPhase;
			buildActionMask = 2147483647;
			files = (
			);
			runOnlyForDeploymentPostprocessing = 0;
		};
/* End PBXResourcesBuildPhase section */

/* Begin PBXSourcesBuildPhase section */
		5356186F19525C16000F2086 /* Sources */ = {
			isa = PBXSourcesBuildPhase;
			buildActionMask = 2147483647;
			files = (
				53AF40691A51D0F00036A274 /* Projectile.swift in Sources */,
				537CC1951A4FA26A0072F6A4 /* Textures.swift in Sources */,
				5356187D19525C17000F2086 /* GameScene.swift in Sources */,
				53510F921A5A1AA6004FD586 /* Meeblon.swift in Sources */,
				539114C31AE4267A00C8E00F /* AttackBehavior.swift in Sources */,
				53510F941A5AEA62004FD586 /* IceCircle.swift in Sources */,
				53CC03641A4E9270000CB921 /* Goreblon.swift in Sources */,
				5356187F19525C17000F2086 /* GameViewController.swift in Sources */,
				53F3831F1AD0A5C500BE489E /* AIBehavior.swift in Sources */,
				539114C11AE3F5B200C8E00F /* WanderBehavior.swift in Sources */,
				53BF3F4A1953E2F900E026D2 /* Fireball.swift in Sources */,
				5356187919525C17000F2086 /* AppDelegate.swift in Sources */,
				53BA78261A66FE5C008BCDF7 /* Cure.swift in Sources */,
				535FF5C21A9770D5007D4C80 /* AoESpell.swift in Sources */,
				5326113A19BC22F700E0ADC1 /* Enemy.swift in Sources */,
				530340C91B139F2300950675 /* Room1Scene.swift in Sources */,
				539114BF1AE3F2BA00C8E00F /* ChaseBehavior.swift in Sources */,
				535FF5BB1A96E089007D4C80 /* Explosion.swift in Sources */,
				530CB266196067CF00DA905F /* Player.swift in Sources */,
				53CC03621A4E6635000CB921 /* Character.swift in Sources */,
				5368C7461B055A690078B3FF /* PlayerOverviewManager.swift in Sources */,
				536439711954C523003AD77E /* MathFunctions.swift in Sources */,
				536F8A5D195FDB0F00EFBDE5 /* TownScene.swift in Sources */,
			);
			runOnlyForDeploymentPostprocessing = 0;
		};
		5356188519525C17000F2086 /* Sources */ = {
			isa = PBXSourcesBuildPhase;
			buildActionMask = 2147483647;
			files = (
				5356189019525C17000F2086 /* IronStrifeTests.swift in Sources */,
			);
			runOnlyForDeploymentPostprocessing = 0;
		};
/* End PBXSourcesBuildPhase section */

/* Begin PBXTargetDependency section */
		5356188B19525C17000F2086 /* PBXTargetDependency */ = {
			isa = PBXTargetDependency;
			target = 5356187219525C16000F2086 /* IronStrife */;
			targetProxy = 5356188A19525C17000F2086 /* PBXContainerItemProxy */;
		};
/* End PBXTargetDependency section */

/* Begin PBXVariantGroup section */
		5356188019525C17000F2086 /* Main.storyboard */ = {
			isa = PBXVariantGroup;
			children = (
				5356188119525C17000F2086 /* Base */,
			);
			name = Main.storyboard;
			sourceTree = "<group>";
		};
/* End PBXVariantGroup section */

/* Begin XCBuildConfiguration section */
		5356189119525C17000F2086 /* Debug */ = {
			isa = XCBuildConfiguration;
			buildSettings = {
				ALWAYS_SEARCH_USER_PATHS = NO;
				CLANG_CXX_LANGUAGE_STANDARD = "gnu++0x";
				CLANG_CXX_LIBRARY = "libc++";
				CLANG_ENABLE_MODULES = YES;
				CLANG_ENABLE_OBJC_ARC = YES;
				CLANG_WARN_BOOL_CONVERSION = YES;
				CLANG_WARN_CONSTANT_CONVERSION = YES;
				CLANG_WARN_DIRECT_OBJC_ISA_USAGE = YES_ERROR;
				CLANG_WARN_EMPTY_BODY = YES;
				CLANG_WARN_ENUM_CONVERSION = YES;
				CLANG_WARN_INT_CONVERSION = YES;
				CLANG_WARN_OBJC_ROOT_CLASS = YES_ERROR;
				CLANG_WARN_UNREACHABLE_CODE = YES;
				CLANG_WARN__DUPLICATE_METHOD_MATCH = YES;
				"CODE_SIGN_IDENTITY[sdk=iphoneos*]" = "iPhone Developer";
				COPY_PHASE_STRIP = NO;
				ENABLE_STRICT_OBJC_MSGSEND = YES;
				GCC_C_LANGUAGE_STANDARD = gnu99;
				GCC_DYNAMIC_NO_PIC = NO;
				GCC_OPTIMIZATION_LEVEL = 0;
				GCC_PREPROCESSOR_DEFINITIONS = (
					"DEBUG=1",
					"$(inherited)",
				);
				GCC_SYMBOLS_PRIVATE_EXTERN = NO;
				GCC_WARN_64_TO_32_BIT_CONVERSION = YES;
				GCC_WARN_ABOUT_RETURN_TYPE = YES_ERROR;
				GCC_WARN_UNDECLARED_SELECTOR = YES;
				GCC_WARN_UNINITIALIZED_AUTOS = YES_AGGRESSIVE;
				GCC_WARN_UNUSED_FUNCTION = YES;
				GCC_WARN_UNUSED_VARIABLE = YES;
				IPHONEOS_DEPLOYMENT_TARGET = 8.0;
				METAL_ENABLE_DEBUG_INFO = YES;
				ONLY_ACTIVE_ARCH = YES;
				SDKROOT = iphoneos;
				SWIFT_OPTIMIZATION_LEVEL = "-Onone";
			};
			name = Debug;
		};
		5356189219525C17000F2086 /* Release */ = {
			isa = XCBuildConfiguration;
			buildSettings = {
				ALWAYS_SEARCH_USER_PATHS = NO;
				CLANG_CXX_LANGUAGE_STANDARD = "gnu++0x";
				CLANG_CXX_LIBRARY = "libc++";
				CLANG_ENABLE_MODULES = YES;
				CLANG_ENABLE_OBJC_ARC = YES;
				CLANG_WARN_BOOL_CONVERSION = YES;
				CLANG_WARN_CONSTANT_CONVERSION = YES;
				CLANG_WARN_DIRECT_OBJC_ISA_USAGE = YES_ERROR;
				CLANG_WARN_EMPTY_BODY = YES;
				CLANG_WARN_ENUM_CONVERSION = YES;
				CLANG_WARN_INT_CONVERSION = YES;
				CLANG_WARN_OBJC_ROOT_CLASS = YES_ERROR;
				CLANG_WARN_UNREACHABLE_CODE = YES;
				CLANG_WARN__DUPLICATE_METHOD_MATCH = YES;
				"CODE_SIGN_IDENTITY[sdk=iphoneos*]" = "iPhone Developer";
				COPY_PHASE_STRIP = YES;
				ENABLE_NS_ASSERTIONS = NO;
				ENABLE_STRICT_OBJC_MSGSEND = YES;
				GCC_C_LANGUAGE_STANDARD = gnu99;
				GCC_WARN_64_TO_32_BIT_CONVERSION = YES;
				GCC_WARN_ABOUT_RETURN_TYPE = YES_ERROR;
				GCC_WARN_UNDECLARED_SELECTOR = YES;
				GCC_WARN_UNINITIALIZED_AUTOS = YES_AGGRESSIVE;
				GCC_WARN_UNUSED_FUNCTION = YES;
				GCC_WARN_UNUSED_VARIABLE = YES;
				IPHONEOS_DEPLOYMENT_TARGET = 8.0;
				METAL_ENABLE_DEBUG_INFO = NO;
				SDKROOT = iphoneos;
				VALIDATE_PRODUCT = YES;
			};
			name = Release;
		};
		5356189419525C17000F2086 /* Debug */ = {
			isa = XCBuildConfiguration;
			buildSettings = {
				ASSETCATALOG_COMPILER_APPICON_NAME = AppIcon;
				ASSETCATALOG_COMPILER_LAUNCHIMAGE_NAME = LaunchImage;
				CLANG_ENABLE_MODULES = NO;
				CODE_SIGN_IDENTITY = "iPhone Developer";
				"CODE_SIGN_IDENTITY[sdk=iphoneos*]" = "iPhone Developer";
				INFOPLIST_FILE = IronStrife/Info.plist;
				LD_RUNPATH_SEARCH_PATHS = "$(inherited) @executable_path/Frameworks";
				PRODUCT_NAME = "$(TARGET_NAME)";
				PROVISIONING_PROFILE = "";
				SWIFT_OBJC_BRIDGING_HEADER = "";
				SWIFT_OPTIMIZATION_LEVEL = "-Onone";
			};
			name = Debug;
		};
		5356189519525C17000F2086 /* Release */ = {
			isa = XCBuildConfiguration;
			buildSettings = {
				ASSETCATALOG_COMPILER_APPICON_NAME = AppIcon;
				ASSETCATALOG_COMPILER_LAUNCHIMAGE_NAME = LaunchImage;
				CLANG_ENABLE_MODULES = NO;
				CODE_SIGN_IDENTITY = "iPhone Developer";
				"CODE_SIGN_IDENTITY[sdk=iphoneos*]" = "iPhone Developer";
				INFOPLIST_FILE = IronStrife/Info.plist;
				LD_RUNPATH_SEARCH_PATHS = "$(inherited) @executable_path/Frameworks";
				PRODUCT_NAME = "$(TARGET_NAME)";
				PROVISIONING_PROFILE = "";
				SWIFT_OBJC_BRIDGING_HEADER = "";
			};
			name = Release;
		};
		5356189719525C17000F2086 /* Debug */ = {
			isa = XCBuildConfiguration;
			buildSettings = {
				BUNDLE_LOADER = "$(BUILT_PRODUCTS_DIR)/IronStrife.app/IronStrife";
				FRAMEWORK_SEARCH_PATHS = (
					"$(SDKROOT)/Developer/Library/Frameworks",
					"$(inherited)",
				);
				GCC_PREPROCESSOR_DEFINITIONS = (
					"DEBUG=1",
					"$(inherited)",
				);
				INFOPLIST_FILE = IronStrifeTests/Info.plist;
				LD_RUNPATH_SEARCH_PATHS = "$(inherited) @executable_path/Frameworks @loader_path/Frameworks";
				METAL_ENABLE_DEBUG_INFO = YES;
				PRODUCT_NAME = "$(TARGET_NAME)";
				TEST_HOST = "$(BUNDLE_LOADER)";
			};
			name = Debug;
		};
		5356189819525C17000F2086 /* Release */ = {
			isa = XCBuildConfiguration;
			buildSettings = {
				BUNDLE_LOADER = "$(BUILT_PRODUCTS_DIR)/IronStrife.app/IronStrife";
				FRAMEWORK_SEARCH_PATHS = (
					"$(SDKROOT)/Developer/Library/Frameworks",
					"$(inherited)",
				);
				INFOPLIST_FILE = IronStrifeTests/Info.plist;
				LD_RUNPATH_SEARCH_PATHS = "$(inherited) @executable_path/Frameworks @loader_path/Frameworks";
				METAL_ENABLE_DEBUG_INFO = NO;
				PRODUCT_NAME = "$(TARGET_NAME)";
				TEST_HOST = "$(BUNDLE_LOADER)";
			};
			name = Release;
		};
/* End XCBuildConfiguration section */

/* Begin XCConfigurationList section */
		5356186E19525C16000F2086 /* Build configuration list for PBXProject "IronStrife" */ = {
			isa = XCConfigurationList;
			buildConfigurations = (
				5356189119525C17000F2086 /* Debug */,
				5356189219525C17000F2086 /* Release */,
			);
			defaultConfigurationIsVisible = 0;
			defaultConfigurationName = Release;
		};
		5356189319525C17000F2086 /* Build configuration list for PBXNativeTarget "IronStrife" */ = {
			isa = XCConfigurationList;
			buildConfigurations = (
				5356189419525C17000F2086 /* Debug */,
				5356189519525C17000F2086 /* Release */,
			);
			defaultConfigurationIsVisible = 0;
			defaultConfigurationName = Release;
		};
		5356189619525C17000F2086 /* Build configuration list for PBXNativeTarget "IronStrifeTests" */ = {
			isa = XCConfigurationList;
			buildConfigurations = (
				5356189719525C17000F2086 /* Debug */,
				5356189819525C17000F2086 /* Release */,
			);
			defaultConfigurationIsVisible = 0;
			defaultConfigurationName = Release;
		};
/* End XCConfigurationList section */
	};
	rootObject = 5356186B19525C16000F2086 /* Project object */;
}
